
Microsoft Visual Studio Solution File, Format Version 12.00
# Visual Studio 15
VisualStudioVersion = 15.0.27130.2010
MinimumVisualStudioVersion = 10.0.40219.1
Project("{9A19103F-16F7-4668-BE54-9A1E7A4F7556}") = "EncounterManager.Web", "EncounterManager.Web\EncounterManager.Web.csproj", "{B696FC0A-70F4-4183-916B-E0BA5F79FC17}"
EndProject
Project("{2150E333-8FDC-42A3-9474-1A3956D46DE8}") = "Client", "Client", "{06D22A48-D273-4A92-BF83-1AEC0BDBC337}"
EndProject
Project("{2150E333-8FDC-42A3-9474-1A3956D46DE8}") = "Domains", "Domains", "{713E275A-78F9-449E-8CE6-DFC317A91DCF}"
EndProject
Project("{2150E333-8FDC-42A3-9474-1A3956D46DE8}") = "Encounters", "Encounters", "{F0EB6627-C1E1-4501-8EED-08218DEA8846}"
EndProject
Project("{2150E333-8FDC-42A3-9474-1A3956D46DE8}") = "Infrastructure", "Infrastructure", "{1D4DC358-A775-471D-9310-B10E14CC3D77}"
EndProject
Project("{9A19103F-16F7-4668-BE54-9A1E7A4F7556}") = "EncounterManager.Storage", "EncounterManager.Storage\EncounterManager.Storage.csproj", "{B3A90A30-DB82-4888-8D45-E96D24B4DA9D}"
EndProject
Project("{2150E333-8FDC-42A3-9474-1A3956D46DE8}") = "Foundation", "Foundation", "{CCEEF5E4-C4B3-4622-912F-0288E7B10C90}"
EndProject
Project("{9A19103F-16F7-4668-BE54-9A1E7A4F7556}") = "Foundation.Contract", "Foundation.Contract\Foundation.Contract.csproj", "{5DAF13FB-AB93-48F0-B1C5-BD6E5F23F5B5}"
EndProject
Project("{9A19103F-16F7-4668-BE54-9A1E7A4F7556}") = "Foundation.ServiceFabric", "Foundation.ServiceFabric\Foundation.ServiceFabric.csproj", "{9B1A8684-D75D-4153-92DE-41D8E3C4A553}"
EndProject
Project("{9A19103F-16F7-4668-BE54-9A1E7A4F7556}") = "Foundation.Utilities", "Foundation.Utilities\Foundation.Utilities.csproj", "{C66B41C3-014A-424A-8E38-493C9777E85E}"
EndProject
Project("{9A19103F-16F7-4668-BE54-9A1E7A4F7556}") = "EncounterManager.WindsorIntegration", "EncounterManager.WindsorIntegration\EncounterManager.WindsorIntegration.csproj", "{15F5A529-B747-4139-A1C5-8E8D44096896}"
EndProject
Project("{A07B5EB6-E848-4116-A8D0-A826331D98C6}") = "EncounterManager.Client", "Client.Application\EncounterManager.Client.sfproj", "{96942314-239F-4150-AA29-BE108A877628}"
EndProject
Project("{9A19103F-16F7-4668-BE54-9A1E7A4F7556}") = "EncounterManager.Users.Contract", "EncounterManager.Users.Contract\EncounterManager.Users.Contract.csproj", "{E7608C96-72FD-4CA8-B690-93850DA0AFC0}"
EndProject
Project("{9A19103F-16F7-4668-BE54-9A1E7A4F7556}") = "EncounterManager.Encounters.Contract", "EncounterManager.Encounters.Contract\EncounterManager.Encounters.Contract.csproj", "{16174816-2B79-4EBD-9788-8813E5629A6B}"
EndProject
Project("{9A19103F-16F7-4668-BE54-9A1E7A4F7556}") = "EncounterManager.Encounters", "EncounterManager.Encounters\EncounterManager.Encounters.csproj", "{95B89436-CFEC-4CA9-BC77-D6AF319F5687}"
EndProject
Project("{9A19103F-16F7-4668-BE54-9A1E7A4F7556}") = "EncounterManager.Users", "EncounterManager.Users\EncounterManager.Users.csproj", "{B304BF85-B1BD-4CF7-B797-5A67322539FD}"
EndProject
Project("{A07B5EB6-E848-4116-A8D0-A826331D98C6}") = "EncounterManager.Domains", "Domains.Application\EncounterManager.Domains.sfproj", "{E0127FD9-F5D7-44E8-BB49-9932BE376030}"
EndProject
Project("{A07B5EB6-E848-4116-A8D0-A826331D98C6}") = "EncounterManager.Infrastructure", "Infrastructure.Application\EncounterManager.Infrastructure.sfproj", "{F80F43B3-D307-4024-B799-97424A4B62AF}"
EndProject
Project("{9A19103F-16F7-4668-BE54-9A1E7A4F7556}") = "EncounterManager.Users.UserRegistry", "EncounterManager.Users.UserRegistry\EncounterManager.Users.UserRegistry.csproj", "{7CC1D046-2A78-492E-9FB7-9DB30B91D52E}"
EndProject
Global
	GlobalSection(SolutionConfigurationPlatforms) = preSolution
		Debug|Any CPU = Debug|Any CPU
		Debug|x64 = Debug|x64
		Release|Any CPU = Release|Any CPU
		Release|x64 = Release|x64
	EndGlobalSection
	GlobalSection(ProjectConfigurationPlatforms) = postSolution
		{B696FC0A-70F4-4183-916B-E0BA5F79FC17}.Debug|Any CPU.ActiveCfg = Debug|Any CPU
		{B696FC0A-70F4-4183-916B-E0BA5F79FC17}.Debug|Any CPU.Build.0 = Debug|Any CPU
		{B696FC0A-70F4-4183-916B-E0BA5F79FC17}.Debug|x64.ActiveCfg = Debug|Any CPU
		{B696FC0A-70F4-4183-916B-E0BA5F79FC17}.Debug|x64.Build.0 = Debug|Any CPU
		{B696FC0A-70F4-4183-916B-E0BA5F79FC17}.Release|Any CPU.ActiveCfg = Release|Any CPU
		{B696FC0A-70F4-4183-916B-E0BA5F79FC17}.Release|Any CPU.Build.0 = Release|Any CPU
		{B696FC0A-70F4-4183-916B-E0BA5F79FC17}.Release|x64.ActiveCfg = Release|Any CPU
		{B696FC0A-70F4-4183-916B-E0BA5F79FC17}.Release|x64.Build.0 = Release|Any CPU
		{B3A90A30-DB82-4888-8D45-E96D24B4DA9D}.Debug|Any CPU.ActiveCfg = Debug|Any CPU
		{B3A90A30-DB82-4888-8D45-E96D24B4DA9D}.Debug|Any CPU.Build.0 = Debug|Any CPU
		{B3A90A30-DB82-4888-8D45-E96D24B4DA9D}.Debug|x64.ActiveCfg = Debug|Any CPU
		{B3A90A30-DB82-4888-8D45-E96D24B4DA9D}.Debug|x64.Build.0 = Debug|Any CPU
		{B3A90A30-DB82-4888-8D45-E96D24B4DA9D}.Release|Any CPU.ActiveCfg = Release|Any CPU
		{B3A90A30-DB82-4888-8D45-E96D24B4DA9D}.Release|Any CPU.Build.0 = Release|Any CPU
		{B3A90A30-DB82-4888-8D45-E96D24B4DA9D}.Release|x64.ActiveCfg = Release|Any CPU
		{B3A90A30-DB82-4888-8D45-E96D24B4DA9D}.Release|x64.Build.0 = Release|Any CPU
		{5DAF13FB-AB93-48F0-B1C5-BD6E5F23F5B5}.Debug|Any CPU.ActiveCfg = Debug|Any CPU
		{5DAF13FB-AB93-48F0-B1C5-BD6E5F23F5B5}.Debug|Any CPU.Build.0 = Debug|Any CPU
		{5DAF13FB-AB93-48F0-B1C5-BD6E5F23F5B5}.Debug|x64.ActiveCfg = Debug|Any CPU
		{5DAF13FB-AB93-48F0-B1C5-BD6E5F23F5B5}.Debug|x64.Build.0 = Debug|Any CPU
		{5DAF13FB-AB93-48F0-B1C5-BD6E5F23F5B5}.Release|Any CPU.ActiveCfg = Release|Any CPU
		{5DAF13FB-AB93-48F0-B1C5-BD6E5F23F5B5}.Release|Any CPU.Build.0 = Release|Any CPU
		{5DAF13FB-AB93-48F0-B1C5-BD6E5F23F5B5}.Release|x64.ActiveCfg = Release|Any CPU
		{5DAF13FB-AB93-48F0-B1C5-BD6E5F23F5B5}.Release|x64.Build.0 = Release|Any CPU
		{9B1A8684-D75D-4153-92DE-41D8E3C4A553}.Debug|Any CPU.ActiveCfg = Debug|Any CPU
		{9B1A8684-D75D-4153-92DE-41D8E3C4A553}.Debug|Any CPU.Build.0 = Debug|Any CPU
		{9B1A8684-D75D-4153-92DE-41D8E3C4A553}.Debug|x64.ActiveCfg = Debug|Any CPU
		{9B1A8684-D75D-4153-92DE-41D8E3C4A553}.Debug|x64.Build.0 = Debug|Any CPU
		{9B1A8684-D75D-4153-92DE-41D8E3C4A553}.Release|Any CPU.ActiveCfg = Release|Any CPU
		{9B1A8684-D75D-4153-92DE-41D8E3C4A553}.Release|Any CPU.Build.0 = Release|Any CPU
		{9B1A8684-D75D-4153-92DE-41D8E3C4A553}.Release|x64.ActiveCfg = Release|Any CPU
		{9B1A8684-D75D-4153-92DE-41D8E3C4A553}.Release|x64.Build.0 = Release|Any CPU
		{C66B41C3-014A-424A-8E38-493C9777E85E}.Debug|Any CPU.ActiveCfg = Debug|Any CPU
		{C66B41C3-014A-424A-8E38-493C9777E85E}.Debug|Any CPU.Build.0 = Debug|Any CPU
		{C66B41C3-014A-424A-8E38-493C9777E85E}.Debug|x64.ActiveCfg = Debug|Any CPU
		{C66B41C3-014A-424A-8E38-493C9777E85E}.Debug|x64.Build.0 = Debug|Any CPU
		{C66B41C3-014A-424A-8E38-493C9777E85E}.Release|Any CPU.ActiveCfg = Release|Any CPU
		{C66B41C3-014A-424A-8E38-493C9777E85E}.Release|Any CPU.Build.0 = Release|Any CPU
		{C66B41C3-014A-424A-8E38-493C9777E85E}.Release|x64.ActiveCfg = Release|Any CPU
		{C66B41C3-014A-424A-8E38-493C9777E85E}.Release|x64.Build.0 = Release|Any CPU
		{15F5A529-B747-4139-A1C5-8E8D44096896}.Debug|Any CPU.ActiveCfg = Debug|Any CPU
		{15F5A529-B747-4139-A1C5-8E8D44096896}.Debug|Any CPU.Build.0 = Debug|Any CPU
		{15F5A529-B747-4139-A1C5-8E8D44096896}.Debug|x64.ActiveCfg = Debug|Any CPU
		{15F5A529-B747-4139-A1C5-8E8D44096896}.Debug|x64.Build.0 = Debug|Any CPU
		{15F5A529-B747-4139-A1C5-8E8D44096896}.Release|Any CPU.ActiveCfg = Release|Any CPU
		{15F5A529-B747-4139-A1C5-8E8D44096896}.Release|Any CPU.Build.0 = Release|Any CPU
		{15F5A529-B747-4139-A1C5-8E8D44096896}.Release|x64.ActiveCfg = Release|Any CPU
		{15F5A529-B747-4139-A1C5-8E8D44096896}.Release|x64.Build.0 = Release|Any CPU
		{96942314-239F-4150-AA29-BE108A877628}.Debug|Any CPU.ActiveCfg = Debug|x64
		{96942314-239F-4150-AA29-BE108A877628}.Debug|x64.ActiveCfg = Debug|x64
		{96942314-239F-4150-AA29-BE108A877628}.Debug|x64.Build.0 = Debug|x64
		{96942314-239F-4150-AA29-BE108A877628}.Debug|x64.Deploy.0 = Debug|x64
		{96942314-239F-4150-AA29-BE108A877628}.Release|Any CPU.ActiveCfg = Release|x64
		{96942314-239F-4150-AA29-BE108A877628}.Release|x64.ActiveCfg = Release|x64
		{96942314-239F-4150-AA29-BE108A877628}.Release|x64.Build.0 = Release|x64
		{96942314-239F-4150-AA29-BE108A877628}.Release|x64.Deploy.0 = Release|x64
		{E7608C96-72FD-4CA8-B690-93850DA0AFC0}.Debug|Any CPU.ActiveCfg = Debug|x64
		{E7608C96-72FD-4CA8-B690-93850DA0AFC0}.Debug|x64.ActiveCfg = Debug|x64
		{E7608C96-72FD-4CA8-B690-93850DA0AFC0}.Debug|x64.Build.0 = Debug|x64
		{E7608C96-72FD-4CA8-B690-93850DA0AFC0}.Release|Any CPU.ActiveCfg = Release|x64
		{E7608C96-72FD-4CA8-B690-93850DA0AFC0}.Release|x64.ActiveCfg = Release|x64
		{E7608C96-72FD-4CA8-B690-93850DA0AFC0}.Release|x64.Build.0 = Release|x64
		{16174816-2B79-4EBD-9788-8813E5629A6B}.Debug|Any CPU.ActiveCfg = Debug|x64
		{16174816-2B79-4EBD-9788-8813E5629A6B}.Debug|x64.ActiveCfg = Debug|x64
		{16174816-2B79-4EBD-9788-8813E5629A6B}.Debug|x64.Build.0 = Debug|x64
		{16174816-2B79-4EBD-9788-8813E5629A6B}.Release|Any CPU.ActiveCfg = Release|x64
		{16174816-2B79-4EBD-9788-8813E5629A6B}.Release|x64.ActiveCfg = Release|x64
		{16174816-2B79-4EBD-9788-8813E5629A6B}.Release|x64.Build.0 = Release|x64
		{95B89436-CFEC-4CA9-BC77-D6AF319F5687}.Debug|Any CPU.ActiveCfg = Debug|x64
		{95B89436-CFEC-4CA9-BC77-D6AF319F5687}.Debug|x64.ActiveCfg = Debug|x64
		{95B89436-CFEC-4CA9-BC77-D6AF319F5687}.Debug|x64.Build.0 = Debug|x64
		{95B89436-CFEC-4CA9-BC77-D6AF319F5687}.Release|Any CPU.ActiveCfg = Release|x64
		{95B89436-CFEC-4CA9-BC77-D6AF319F5687}.Release|x64.ActiveCfg = Release|x64
		{95B89436-CFEC-4CA9-BC77-D6AF319F5687}.Release|x64.Build.0 = Release|x64
		{B304BF85-B1BD-4CF7-B797-5A67322539FD}.Debug|Any CPU.ActiveCfg = Debug|x64
		{B304BF85-B1BD-4CF7-B797-5A67322539FD}.Debug|x64.ActiveCfg = Debug|x64
		{B304BF85-B1BD-4CF7-B797-5A67322539FD}.Debug|x64.Build.0 = Debug|x64
		{B304BF85-B1BD-4CF7-B797-5A67322539FD}.Release|Any CPU.ActiveCfg = Release|x64
		{B304BF85-B1BD-4CF7-B797-5A67322539FD}.Release|x64.ActiveCfg = Release|x64
		{B304BF85-B1BD-4CF7-B797-5A67322539FD}.Release|x64.Build.0 = Release|x64
		{E0127FD9-F5D7-44E8-BB49-9932BE376030}.Debug|Any CPU.ActiveCfg = Debug|x64
		{E0127FD9-F5D7-44E8-BB49-9932BE376030}.Debug|x64.ActiveCfg = Debug|x64
		{E0127FD9-F5D7-44E8-BB49-9932BE376030}.Debug|x64.Build.0 = Debug|x64
		{E0127FD9-F5D7-44E8-BB49-9932BE376030}.Debug|x64.Deploy.0 = Debug|x64
		{E0127FD9-F5D7-44E8-BB49-9932BE376030}.Release|Any CPU.ActiveCfg = Release|x64
		{E0127FD9-F5D7-44E8-BB49-9932BE376030}.Release|x64.ActiveCfg = Release|x64
		{E0127FD9-F5D7-44E8-BB49-9932BE376030}.Release|x64.Build.0 = Release|x64
		{E0127FD9-F5D7-44E8-BB49-9932BE376030}.Release|x64.Deploy.0 = Release|x64
		{F80F43B3-D307-4024-B799-97424A4B62AF}.Debug|Any CPU.ActiveCfg = Debug|x64
		{F80F43B3-D307-4024-B799-97424A4B62AF}.Debug|x64.ActiveCfg = Debug|x64
		{F80F43B3-D307-4024-B799-97424A4B62AF}.Debug|x64.Build.0 = Debug|x64
		{F80F43B3-D307-4024-B799-97424A4B62AF}.Debug|x64.Deploy.0 = Debug|x64
		{F80F43B3-D307-4024-B799-97424A4B62AF}.Release|Any CPU.ActiveCfg = Release|x64
		{F80F43B3-D307-4024-B799-97424A4B62AF}.Release|x64.ActiveCfg = Release|x64
		{F80F43B3-D307-4024-B799-97424A4B62AF}.Release|x64.Build.0 = Release|x64
		{F80F43B3-D307-4024-B799-97424A4B62AF}.Release|x64.Deploy.0 = Release|x64
		{7CC1D046-2A78-492E-9FB7-9DB30B91D52E}.Debug|Any CPU.ActiveCfg = Debug|Any CPU
		{7CC1D046-2A78-492E-9FB7-9DB30B91D52E}.Debug|Any CPU.Build.0 = Debug|Any CPU
		{7CC1D046-2A78-492E-9FB7-9DB30B91D52E}.Debug|x64.ActiveCfg = Debug|Any CPU
		{7CC1D046-2A78-492E-9FB7-9DB30B91D52E}.Debug|x64.Build.0 = Debug|Any CPU
		{7CC1D046-2A78-492E-9FB7-9DB30B91D52E}.Release|Any CPU.ActiveCfg = Release|Any CPU
		{7CC1D046-2A78-492E-9FB7-9DB30B91D52E}.Release|Any CPU.Build.0 = Release|Any CPU
		{7CC1D046-2A78-492E-9FB7-9DB30B91D52E}.Release|x64.ActiveCfg = Release|Any CPU
		{7CC1D046-2A78-492E-9FB7-9DB30B91D52E}.Release|x64.Build.0 = Release|Any CPU
	EndGlobalSection
	GlobalSection(SolutionProperties) = preSolution
		HideSolutionNode = FALSE
	EndGlobalSection
	GlobalSection(NestedProjects) = preSolution
		{B696FC0A-70F4-4183-916B-E0BA5F79FC17} = {06D22A48-D273-4A92-BF83-1AEC0BDBC337}
		{F0EB6627-C1E1-4501-8EED-08218DEA8846} = {713E275A-78F9-449E-8CE6-DFC317A91DCF}
		{B3A90A30-DB82-4888-8D45-E96D24B4DA9D} = {1D4DC358-A775-471D-9310-B10E14CC3D77}
		{5DAF13FB-AB93-48F0-B1C5-BD6E5F23F5B5} = {CCEEF5E4-C4B3-4622-912F-0288E7B10C90}
		{9B1A8684-D75D-4153-92DE-41D8E3C4A553} = {CCEEF5E4-C4B3-4622-912F-0288E7B10C90}
		{C66B41C3-014A-424A-8E38-493C9777E85E} = {CCEEF5E4-C4B3-4622-912F-0288E7B10C90}
		{15F5A529-B747-4139-A1C5-8E8D44096896} = {CCEEF5E4-C4B3-4622-912F-0288E7B10C90}
		{96942314-239F-4150-AA29-BE108A877628} = {06D22A48-D273-4A92-BF83-1AEC0BDBC337}
		{E7608C96-72FD-4CA8-B690-93850DA0AFC0} = {1D4DC358-A775-471D-9310-B10E14CC3D77}
		{16174816-2B79-4EBD-9788-8813E5629A6B} = {F0EB6627-C1E1-4501-8EED-08218DEA8846}
		{95B89436-CFEC-4CA9-BC77-D6AF319F5687} = {F0EB6627-C1E1-4501-8EED-08218DEA8846}
		{B304BF85-B1BD-4CF7-B797-5A67322539FD} = {1D4DC358-A775-471D-9310-B10E14CC3D77}
		{E0127FD9-F5D7-44E8-BB49-9932BE376030} = {713E275A-78F9-449E-8CE6-DFC317A91DCF}
		{F80F43B3-D307-4024-B799-97424A4B62AF} = {1D4DC358-A775-471D-9310-B10E14CC3D77}
		{7CC1D046-2A78-492E-9FB7-9DB30B91D52E} = {1D4DC358-A775-471D-9310-B10E14CC3D77}
	EndGlobalSection
	GlobalSection(ExtensibilityGlobals) = postSolution
		SolutionGuid = {42AED86E-3E20-48D3-8182-DC8D21915DE1}
	EndGlobalSection
EndGlobal
